// !$*UTF8*$!
{
	archiveVersion = 1;
	classes = {
	};
	objectVersion = 56;
	objects = {

/* Begin PBXBuildFile section */
		C24FD0002A05EF830063D18B /* AppDelegate.swift in Sources */ = {isa = PBXBuildFile; fileRef = C24FCFFF2A05EF830063D18B /* AppDelegate.swift */; };
		C24FD0092A05EF840063D18B /* Assets.xcassets in Resources */ = {isa = PBXBuildFile; fileRef = C24FD0082A05EF840063D18B /* Assets.xcassets */; };
		C24FD00C2A05EF840063D18B /* LaunchScreen.storyboard in Resources */ = {isa = PBXBuildFile; fileRef = C24FD00A2A05EF840063D18B /* LaunchScreen.storyboard */; };
		C24FD02F2A05F0010063D18B /* AppCoordinator.swift in Sources */ = {isa = PBXBuildFile; fileRef = C24FD02E2A05F0010063D18B /* AppCoordinator.swift */; };
		C24FD03F2A05F0CC0063D18B /* BaseViewController.swift in Sources */ = {isa = PBXBuildFile; fileRef = C24FD0312A05F0CC0063D18B /* BaseViewController.swift */; };
		C24FD0402A05F0CC0063D18B /* BaseStore.swift in Sources */ = {isa = PBXBuildFile; fileRef = C24FD0322A05F0CC0063D18B /* BaseStore.swift */; };
		C24FD0412A05F0CC0063D18B /* BaseViewModel.swift in Sources */ = {isa = PBXBuildFile; fileRef = C24FD0332A05F0CC0063D18B /* BaseViewModel.swift */; };
		C24FD0422A05F0CC0063D18B /* BaseUICollectionViewCell.swift in Sources */ = {isa = PBXBuildFile; fileRef = C24FD0342A05F0CC0063D18B /* BaseUICollectionViewCell.swift */; };
		C24FD0432A05F0CC0063D18B /* BaseCoordinator.swift in Sources */ = {isa = PBXBuildFile; fileRef = C24FD0352A05F0CC0063D18B /* BaseCoordinator.swift */; };
		C24FD0442A05F0CC0063D18B /* MainViewController.swift in Sources */ = {isa = PBXBuildFile; fileRef = C24FD0372A05F0CC0063D18B /* MainViewController.swift */; };
		C24FD0452A05F0CC0063D18B /* Main.storyboard in Resources */ = {isa = PBXBuildFile; fileRef = C24FD0382A05F0CC0063D18B /* Main.storyboard */; };
		C24FD0462A05F0CC0063D18B /* MainViewModel.swift in Sources */ = {isa = PBXBuildFile; fileRef = C24FD0392A05F0CC0063D18B /* MainViewModel.swift */; };
		C24FD0472A05F0CC0063D18B /* SongListViewController.swift in Sources */ = {isa = PBXBuildFile; fileRef = C24FD03B2A05F0CC0063D18B /* SongListViewController.swift */; };
		C24FD0482A05F0CC0063D18B /* SongList.storyboard in Resources */ = {isa = PBXBuildFile; fileRef = C24FD03C2A05F0CC0063D18B /* SongList.storyboard */; };
		C24FD0492A05F0CC0063D18B /* SongListViewModel.swift in Sources */ = {isa = PBXBuildFile; fileRef = C24FD03D2A05F0CC0063D18B /* SongListViewModel.swift */; };
		C24FD04A2A05F0CC0063D18B /* SongListCoordinator.swift in Sources */ = {isa = PBXBuildFile; fileRef = C24FD03E2A05F0CC0063D18B /* SongListCoordinator.swift */; };
		C24FD04F2A05F28A0063D18B /* StatefulPlaceholderView.swift in Sources */ = {isa = PBXBuildFile; fileRef = C24FD04C2A05F28A0063D18B /* StatefulPlaceholderView.swift */; };
		C24FD0502A05F28A0063D18B /* StatefulPlaceholderView.xib in Resources */ = {isa = PBXBuildFile; fileRef = C24FD04D2A05F28A0063D18B /* StatefulPlaceholderView.xib */; };
		C24FD0512A05F28A0063D18B /* StatefulViewModel.swift in Sources */ = {isa = PBXBuildFile; fileRef = C24FD04E2A05F28A0063D18B /* StatefulViewModel.swift */; };
		C24FD0552A05F33D0063D18B /* Localizable.strings in Resources */ = {isa = PBXBuildFile; fileRef = C24FD0542A05F33D0063D18B /* Localizable.strings */; };
		C24FD05A2A05F3F30063D18B /* AppError.swift in Sources */ = {isa = PBXBuildFile; fileRef = C24FD0592A05F3F30063D18B /* AppError.swift */; };
		C24FD0602A05F45A0063D18B /* AppConstant.swift in Sources */ = {isa = PBXBuildFile; fileRef = C24FD05C2A05F45A0063D18B /* AppConstant.swift */; };
		C24FD0612A05F45A0063D18B /* Array+Extension.swift in Sources */ = {isa = PBXBuildFile; fileRef = C24FD05D2A05F45A0063D18B /* Array+Extension.swift */; };
		C24FD0622A05F45A0063D18B /* SongPlayerDateFormatter.swift in Sources */ = {isa = PBXBuildFile; fileRef = C24FD05E2A05F45A0063D18B /* SongPlayerDateFormatter.swift */; };
		C24FD0632A05F45A0063D18B /* URLRequest+Extension.swift in Sources */ = {isa = PBXBuildFile; fileRef = C24FD05F2A05F45A0063D18B /* URLRequest+Extension.swift */; };
		C24FD0652A05F5380063D18B /* String+Extension.swift in Sources */ = {isa = PBXBuildFile; fileRef = C24FD0642A05F5380063D18B /* String+Extension.swift */; };
		C291D4CF2A06251800540FF9 /* SongView.xib in Resources */ = {isa = PBXBuildFile; fileRef = C291D4CD2A06251800540FF9 /* SongView.xib */; };
		C291D4D02A06251800540FF9 /* SongView.swift in Sources */ = {isa = PBXBuildFile; fileRef = C291D4CE2A06251800540FF9 /* SongView.swift */; };
		C291D4D42A06291100540FF9 /* UIView+Extension.swift in Sources */ = {isa = PBXBuildFile; fileRef = C291D4D32A06291100540FF9 /* UIView+Extension.swift */; };
		C291D4D62A062A4100540FF9 /* SongPresentationModel.swift in Sources */ = {isa = PBXBuildFile; fileRef = C291D4D52A062A4100540FF9 /* SongPresentationModel.swift */; };
		C291D4D82A062B3700540FF9 /* SongPresentationState.swift in Sources */ = {isa = PBXBuildFile; fileRef = C291D4D72A062B3700540FF9 /* SongPresentationState.swift */; };
		C291D4DA2A062B4D00540FF9 /* SongPresentationStatus.swift in Sources */ = {isa = PBXBuildFile; fileRef = C291D4D92A062B4D00540FF9 /* SongPresentationStatus.swift */; };
		C291D4DC2A064E4E00540FF9 /* CircleProgressBar.swift in Sources */ = {isa = PBXBuildFile; fileRef = C291D4DB2A064E4E00540FF9 /* CircleProgressBar.swift */; };
		C291D4DF2A0654AB00540FF9 /* UIColor+Extension.swift in Sources */ = {isa = PBXBuildFile; fileRef = C291D4DE2A0654AB00540FF9 /* UIColor+Extension.swift */; };
		C2B8CDC52A067D9A008D0DE4 /* DownloadError.swift in Sources */ = {isa = PBXBuildFile; fileRef = C2B8CDC42A067D9A008D0DE4 /* DownloadError.swift */; };
		C2B8CDC72A067DE0008D0DE4 /* DownloadStatus.swift in Sources */ = {isa = PBXBuildFile; fileRef = C2B8CDC62A067DE0008D0DE4 /* DownloadStatus.swift */; };
		C2B8CDC92A067DFE008D0DE4 /* DownloadItem.swift in Sources */ = {isa = PBXBuildFile; fileRef = C2B8CDC82A067DFE008D0DE4 /* DownloadItem.swift */; };
		C2B8CDCB2A067E9A008D0DE4 /* DownloadType.swift in Sources */ = {isa = PBXBuildFile; fileRef = C2B8CDCA2A067E9A008D0DE4 /* DownloadType.swift */; };
		C2B8CDCD2A067F14008D0DE4 /* DownloadStore.swift in Sources */ = {isa = PBXBuildFile; fileRef = C2B8CDCC2A067F14008D0DE4 /* DownloadStore.swift */; };
		C2B8CDCF2A068023008D0DE4 /* DownloadManager.swift in Sources */ = {isa = PBXBuildFile; fileRef = C2B8CDCE2A068023008D0DE4 /* DownloadManager.swift */; };
		C2B8CDD12A06804C008D0DE4 /* ZipDownloadManager.swift in Sources */ = {isa = PBXBuildFile; fileRef = C2B8CDD02A06804C008D0DE4 /* ZipDownloadManager.swift */; };
		C2B8CDD52A0680B7008D0DE4 /* BasicDownloadManager.swift in Sources */ = {isa = PBXBuildFile; fileRef = C2B8CDD22A0680B7008D0DE4 /* BasicDownloadManager.swift */; };
		C2B8CDD62A0680B7008D0DE4 /* PDFDownloadManager.swift in Sources */ = {isa = PBXBuildFile; fileRef = C2B8CDD32A0680B7008D0DE4 /* PDFDownloadManager.swift */; };
		C2B8CDD72A0680B7008D0DE4 /* VideoDownloadManager.swift in Sources */ = {isa = PBXBuildFile; fileRef = C2B8CDD42A0680B7008D0DE4 /* VideoDownloadManager.swift */; };
		C2B8CDD92A068237008D0DE4 /* BaseDownloadManager.swift in Sources */ = {isa = PBXBuildFile; fileRef = C2B8CDD82A068237008D0DE4 /* BaseDownloadManager.swift */; };
		C2B8CDDB2A0682D1008D0DE4 /* DownloadOperation.swift in Sources */ = {isa = PBXBuildFile; fileRef = C2B8CDDA2A0682D1008D0DE4 /* DownloadOperation.swift */; };
		C2D3F1752A05FB6600A8E9FF /* APIError.swift in Sources */ = {isa = PBXBuildFile; fileRef = C2D3F16D2A05FB6600A8E9FF /* APIError.swift */; };
		C2D3F1762A05FB6600A8E9FF /* SongPlayerAPIClient.swift in Sources */ = {isa = PBXBuildFile; fileRef = C2D3F16E2A05FB6600A8E9FF /* SongPlayerAPIClient.swift */; };
		C2D3F1772A05FB6600A8E9FF /* APIClient.swift in Sources */ = {isa = PBXBuildFile; fileRef = C2D3F16F2A05FB6600A8E9FF /* APIClient.swift */; };
		C2D3F1792A05FB6600A8E9FF /* HTTPClient.swift in Sources */ = {isa = PBXBuildFile; fileRef = C2D3F1712A05FB6600A8E9FF /* HTTPClient.swift */; };
		C2D3F17A2A05FB6600A8E9FF /* ServicesContainer.swift in Sources */ = {isa = PBXBuildFile; fileRef = C2D3F1722A05FB6600A8E9FF /* ServicesContainer.swift */; };
		C2D3F17B2A05FB6600A8E9FF /* SongStore.swift in Sources */ = {isa = PBXBuildFile; fileRef = C2D3F1742A05FB6600A8E9FF /* SongStore.swift */; };
		C2D3F17D2A05FC0C00A8E9FF /* APIResponse.swift in Sources */ = {isa = PBXBuildFile; fileRef = C2D3F17C2A05FC0C00A8E9FF /* APIResponse.swift */; };
		C2D3F17F2A05FC4400A8E9FF /* Song.swift in Sources */ = {isa = PBXBuildFile; fileRef = C2D3F17E2A05FC4400A8E9FF /* Song.swift */; };
		C2D3F1812A05FC8900A8E9FF /* SongPlayerAPIJSON.swift in Sources */ = {isa = PBXBuildFile; fileRef = C2D3F1802A05FC8900A8E9FF /* SongPlayerAPIJSON.swift */; };
		C2D3F1832A05FE7100A8E9FF /* SongPlayerAPIResponse.swift in Sources */ = {isa = PBXBuildFile; fileRef = C2D3F1822A05FE7100A8E9FF /* SongPlayerAPIResponse.swift */; };
		C2D3F1872A060CFE00A8E9FF /* SongCell.swift in Sources */ = {isa = PBXBuildFile; fileRef = C2D3F1842A060CFE00A8E9FF /* SongCell.swift */; };
		C2D3F1882A060CFE00A8E9FF /* SongCell.xib in Resources */ = {isa = PBXBuildFile; fileRef = C2D3F1852A060CFE00A8E9FF /* SongCell.xib */; };
		C2D3F1892A060CFE00A8E9FF /* SongCellViewModel.swift in Sources */ = {isa = PBXBuildFile; fileRef = C2D3F1862A060CFE00A8E9FF /* SongCellViewModel.swift */; };
/* End PBXBuildFile section */

/* Begin PBXFileReference section */
		C24FCFFC2A05EF830063D18B /* SongPlayer.app */ = {isa = PBXFileReference; explicitFileType = wrapper.application; includeInIndex = 0; path = SongPlayer.app; sourceTree = BUILT_PRODUCTS_DIR; };
		C24FCFFF2A05EF830063D18B /* AppDelegate.swift */ = {isa = PBXFileReference; lastKnownFileType = sourcecode.swift; path = AppDelegate.swift; sourceTree = "<group>"; };
		C24FD0082A05EF840063D18B /* Assets.xcassets */ = {isa = PBXFileReference; lastKnownFileType = folder.assetcatalog; path = Assets.xcassets; sourceTree = "<group>"; };
		C24FD00B2A05EF840063D18B /* Base */ = {isa = PBXFileReference; lastKnownFileType = file.storyboard; name = Base; path = Base.lproj/LaunchScreen.storyboard; sourceTree = "<group>"; };
		C24FD02E2A05F0010063D18B /* AppCoordinator.swift */ = {isa = PBXFileReference; fileEncoding = 4; lastKnownFileType = sourcecode.swift; path = AppCoordinator.swift; sourceTree = "<group>"; };
		C24FD0312A05F0CC0063D18B /* BaseViewController.swift */ = {isa = PBXFileReference; fileEncoding = 4; lastKnownFileType = sourcecode.swift; path = BaseViewController.swift; sourceTree = "<group>"; };
		C24FD0322A05F0CC0063D18B /* BaseStore.swift */ = {isa = PBXFileReference; fileEncoding = 4; lastKnownFileType = sourcecode.swift; path = BaseStore.swift; sourceTree = "<group>"; };
		C24FD0332A05F0CC0063D18B /* BaseViewModel.swift */ = {isa = PBXFileReference; fileEncoding = 4; lastKnownFileType = sourcecode.swift; path = BaseViewModel.swift; sourceTree = "<group>"; };
		C24FD0342A05F0CC0063D18B /* BaseUICollectionViewCell.swift */ = {isa = PBXFileReference; fileEncoding = 4; lastKnownFileType = sourcecode.swift; path = BaseUICollectionViewCell.swift; sourceTree = "<group>"; };
		C24FD0352A05F0CC0063D18B /* BaseCoordinator.swift */ = {isa = PBXFileReference; fileEncoding = 4; lastKnownFileType = sourcecode.swift; path = BaseCoordinator.swift; sourceTree = "<group>"; };
		C24FD0372A05F0CC0063D18B /* MainViewController.swift */ = {isa = PBXFileReference; fileEncoding = 4; lastKnownFileType = sourcecode.swift; path = MainViewController.swift; sourceTree = "<group>"; };
		C24FD0382A05F0CC0063D18B /* Main.storyboard */ = {isa = PBXFileReference; fileEncoding = 4; lastKnownFileType = file.storyboard; path = Main.storyboard; sourceTree = "<group>"; };
		C24FD0392A05F0CC0063D18B /* MainViewModel.swift */ = {isa = PBXFileReference; fileEncoding = 4; lastKnownFileType = sourcecode.swift; path = MainViewModel.swift; sourceTree = "<group>"; };
		C24FD03B2A05F0CC0063D18B /* SongListViewController.swift */ = {isa = PBXFileReference; fileEncoding = 4; lastKnownFileType = sourcecode.swift; path = SongListViewController.swift; sourceTree = "<group>"; };
		C24FD03C2A05F0CC0063D18B /* SongList.storyboard */ = {isa = PBXFileReference; fileEncoding = 4; lastKnownFileType = file.storyboard; path = SongList.storyboard; sourceTree = "<group>"; };
		C24FD03D2A05F0CC0063D18B /* SongListViewModel.swift */ = {isa = PBXFileReference; fileEncoding = 4; lastKnownFileType = sourcecode.swift; path = SongListViewModel.swift; sourceTree = "<group>"; };
		C24FD03E2A05F0CC0063D18B /* SongListCoordinator.swift */ = {isa = PBXFileReference; fileEncoding = 4; lastKnownFileType = sourcecode.swift; path = SongListCoordinator.swift; sourceTree = "<group>"; };
		C24FD04C2A05F28A0063D18B /* StatefulPlaceholderView.swift */ = {isa = PBXFileReference; fileEncoding = 4; lastKnownFileType = sourcecode.swift; path = StatefulPlaceholderView.swift; sourceTree = "<group>"; };
		C24FD04D2A05F28A0063D18B /* StatefulPlaceholderView.xib */ = {isa = PBXFileReference; fileEncoding = 4; lastKnownFileType = file.xib; path = StatefulPlaceholderView.xib; sourceTree = "<group>"; };
		C24FD04E2A05F28A0063D18B /* StatefulViewModel.swift */ = {isa = PBXFileReference; fileEncoding = 4; lastKnownFileType = sourcecode.swift; path = StatefulViewModel.swift; sourceTree = "<group>"; };
		C24FD0542A05F33D0063D18B /* Localizable.strings */ = {isa = PBXFileReference; lastKnownFileType = text.plist.strings; path = Localizable.strings; sourceTree = "<group>"; };
		C24FD0592A05F3F30063D18B /* AppError.swift */ = {isa = PBXFileReference; lastKnownFileType = sourcecode.swift; path = AppError.swift; sourceTree = "<group>"; };
		C24FD05C2A05F45A0063D18B /* AppConstant.swift */ = {isa = PBXFileReference; fileEncoding = 4; lastKnownFileType = sourcecode.swift; path = AppConstant.swift; sourceTree = "<group>"; };
		C24FD05D2A05F45A0063D18B /* Array+Extension.swift */ = {isa = PBXFileReference; fileEncoding = 4; lastKnownFileType = sourcecode.swift; path = "Array+Extension.swift"; sourceTree = "<group>"; };
		C24FD05E2A05F45A0063D18B /* SongPlayerDateFormatter.swift */ = {isa = PBXFileReference; fileEncoding = 4; lastKnownFileType = sourcecode.swift; path = SongPlayerDateFormatter.swift; sourceTree = "<group>"; };
		C24FD05F2A05F45A0063D18B /* URLRequest+Extension.swift */ = {isa = PBXFileReference; fileEncoding = 4; lastKnownFileType = sourcecode.swift; path = "URLRequest+Extension.swift"; sourceTree = "<group>"; };
		C24FD0642A05F5380063D18B /* String+Extension.swift */ = {isa = PBXFileReference; fileEncoding = 4; lastKnownFileType = sourcecode.swift; path = "String+Extension.swift"; sourceTree = "<group>"; };
		C24FD0662A05F6080063D18B /* Info.plist */ = {isa = PBXFileReference; fileEncoding = 4; lastKnownFileType = text.plist.xml; path = Info.plist; sourceTree = "<group>"; };
		C291D4CD2A06251800540FF9 /* SongView.xib */ = {isa = PBXFileReference; fileEncoding = 4; lastKnownFileType = file.xib; path = SongView.xib; sourceTree = "<group>"; };
		C291D4CE2A06251800540FF9 /* SongView.swift */ = {isa = PBXFileReference; fileEncoding = 4; lastKnownFileType = sourcecode.swift; path = SongView.swift; sourceTree = "<group>"; };
		C291D4D32A06291100540FF9 /* UIView+Extension.swift */ = {isa = PBXFileReference; lastKnownFileType = sourcecode.swift; path = "UIView+Extension.swift"; sourceTree = "<group>"; };
		C291D4D52A062A4100540FF9 /* SongPresentationModel.swift */ = {isa = PBXFileReference; lastKnownFileType = sourcecode.swift; path = SongPresentationModel.swift; sourceTree = "<group>"; };
		C291D4D72A062B3700540FF9 /* SongPresentationState.swift */ = {isa = PBXFileReference; lastKnownFileType = sourcecode.swift; path = SongPresentationState.swift; sourceTree = "<group>"; };
		C291D4D92A062B4D00540FF9 /* SongPresentationStatus.swift */ = {isa = PBXFileReference; lastKnownFileType = sourcecode.swift; path = SongPresentationStatus.swift; sourceTree = "<group>"; };
		C291D4DB2A064E4E00540FF9 /* CircleProgressBar.swift */ = {isa = PBXFileReference; lastKnownFileType = sourcecode.swift; path = CircleProgressBar.swift; sourceTree = "<group>"; };
		C291D4DE2A0654AB00540FF9 /* UIColor+Extension.swift */ = {isa = PBXFileReference; lastKnownFileType = sourcecode.swift; path = "UIColor+Extension.swift"; sourceTree = "<group>"; };
		C2B8CDC42A067D9A008D0DE4 /* DownloadError.swift */ = {isa = PBXFileReference; lastKnownFileType = sourcecode.swift; path = DownloadError.swift; sourceTree = "<group>"; };
		C2B8CDC62A067DE0008D0DE4 /* DownloadStatus.swift */ = {isa = PBXFileReference; lastKnownFileType = sourcecode.swift; path = DownloadStatus.swift; sourceTree = "<group>"; };
		C2B8CDC82A067DFE008D0DE4 /* DownloadItem.swift */ = {isa = PBXFileReference; lastKnownFileType = sourcecode.swift; path = DownloadItem.swift; sourceTree = "<group>"; };
		C2B8CDCA2A067E9A008D0DE4 /* DownloadType.swift */ = {isa = PBXFileReference; lastKnownFileType = sourcecode.swift; path = DownloadType.swift; sourceTree = "<group>"; };
		C2B8CDCC2A067F14008D0DE4 /* DownloadStore.swift */ = {isa = PBXFileReference; lastKnownFileType = sourcecode.swift; path = DownloadStore.swift; sourceTree = "<group>"; };
		C2B8CDCE2A068023008D0DE4 /* DownloadManager.swift */ = {isa = PBXFileReference; lastKnownFileType = sourcecode.swift; path = DownloadManager.swift; sourceTree = "<group>"; };
		C2B8CDD02A06804C008D0DE4 /* ZipDownloadManager.swift */ = {isa = PBXFileReference; lastKnownFileType = sourcecode.swift; path = ZipDownloadManager.swift; sourceTree = "<group>"; };
		C2B8CDD22A0680B7008D0DE4 /* BasicDownloadManager.swift */ = {isa = PBXFileReference; fileEncoding = 4; lastKnownFileType = sourcecode.swift; path = BasicDownloadManager.swift; sourceTree = "<group>"; };
		C2B8CDD32A0680B7008D0DE4 /* PDFDownloadManager.swift */ = {isa = PBXFileReference; fileEncoding = 4; lastKnownFileType = sourcecode.swift; path = PDFDownloadManager.swift; sourceTree = "<group>"; };
		C2B8CDD42A0680B7008D0DE4 /* VideoDownloadManager.swift */ = {isa = PBXFileReference; fileEncoding = 4; lastKnownFileType = sourcecode.swift; path = VideoDownloadManager.swift; sourceTree = "<group>"; };
		C2B8CDD82A068237008D0DE4 /* BaseDownloadManager.swift */ = {isa = PBXFileReference; lastKnownFileType = sourcecode.swift; path = BaseDownloadManager.swift; sourceTree = "<group>"; };
		C2B8CDDA2A0682D1008D0DE4 /* DownloadOperation.swift */ = {isa = PBXFileReference; lastKnownFileType = sourcecode.swift; path = DownloadOperation.swift; sourceTree = "<group>"; };
		C2D3F16D2A05FB6600A8E9FF /* APIError.swift */ = {isa = PBXFileReference; fileEncoding = 4; lastKnownFileType = sourcecode.swift; path = APIError.swift; sourceTree = "<group>"; };
		C2D3F16E2A05FB6600A8E9FF /* SongPlayerAPIClient.swift */ = {isa = PBXFileReference; fileEncoding = 4; lastKnownFileType = sourcecode.swift; path = SongPlayerAPIClient.swift; sourceTree = "<group>"; };
		C2D3F16F2A05FB6600A8E9FF /* APIClient.swift */ = {isa = PBXFileReference; fileEncoding = 4; lastKnownFileType = sourcecode.swift; path = APIClient.swift; sourceTree = "<group>"; };
		C2D3F1712A05FB6600A8E9FF /* HTTPClient.swift */ = {isa = PBXFileReference; fileEncoding = 4; lastKnownFileType = sourcecode.swift; path = HTTPClient.swift; sourceTree = "<group>"; };
		C2D3F1722A05FB6600A8E9FF /* ServicesContainer.swift */ = {isa = PBXFileReference; fileEncoding = 4; lastKnownFileType = sourcecode.swift; path = ServicesContainer.swift; sourceTree = "<group>"; };
		C2D3F1742A05FB6600A8E9FF /* SongStore.swift */ = {isa = PBXFileReference; fileEncoding = 4; lastKnownFileType = sourcecode.swift; path = SongStore.swift; sourceTree = "<group>"; };
		C2D3F17C2A05FC0C00A8E9FF /* APIResponse.swift */ = {isa = PBXFileReference; lastKnownFileType = sourcecode.swift; path = APIResponse.swift; sourceTree = "<group>"; };
		C2D3F17E2A05FC4400A8E9FF /* Song.swift */ = {isa = PBXFileReference; lastKnownFileType = sourcecode.swift; path = Song.swift; sourceTree = "<group>"; };
		C2D3F1802A05FC8900A8E9FF /* SongPlayerAPIJSON.swift */ = {isa = PBXFileReference; lastKnownFileType = sourcecode.swift; path = SongPlayerAPIJSON.swift; sourceTree = "<group>"; };
		C2D3F1822A05FE7100A8E9FF /* SongPlayerAPIResponse.swift */ = {isa = PBXFileReference; lastKnownFileType = sourcecode.swift; path = SongPlayerAPIResponse.swift; sourceTree = "<group>"; };
		C2D3F1842A060CFE00A8E9FF /* SongCell.swift */ = {isa = PBXFileReference; fileEncoding = 4; lastKnownFileType = sourcecode.swift; path = SongCell.swift; sourceTree = "<group>"; };
		C2D3F1852A060CFE00A8E9FF /* SongCell.xib */ = {isa = PBXFileReference; fileEncoding = 4; lastKnownFileType = file.xib; path = SongCell.xib; sourceTree = "<group>"; };
		C2D3F1862A060CFE00A8E9FF /* SongCellViewModel.swift */ = {isa = PBXFileReference; fileEncoding = 4; lastKnownFileType = sourcecode.swift; path = SongCellViewModel.swift; sourceTree = "<group>"; };
/* End PBXFileReference section */

/* Begin PBXFrameworksBuildPhase section */
		C24FCFF92A05EF830063D18B /* Frameworks */ = {
			isa = PBXFrameworksBuildPhase;
			buildActionMask = 2147483647;
			files = (
			);
			runOnlyForDeploymentPostprocessing = 0;
		};
/* End PBXFrameworksBuildPhase section */

/* Begin PBXGroup section */
		C24FCFF32A05EF830063D18B = {
			isa = PBXGroup;
			children = (
				C24FCFFE2A05EF830063D18B /* SongPlayer */,
				C24FCFFD2A05EF830063D18B /* Products */,
			);
			sourceTree = "<group>";
		};
		C24FCFFD2A05EF830063D18B /* Products */ = {
			isa = PBXGroup;
			children = (
				C24FCFFC2A05EF830063D18B /* SongPlayer.app */,
			);
			name = Products;
			sourceTree = "<group>";
		};
		C24FCFFE2A05EF830063D18B /* SongPlayer */ = {
			isa = PBXGroup;
			children = (
				C24FD0572A05F3BD0063D18B /* UI */,
				C2D3F16C2A05FB6600A8E9FF /* Services */,
				C24FD0582A05F3C30063D18B /* Modal */,
				C24FD05B2A05F43B0063D18B /* Utilities */,
				C24FD0562A05F3400063D18B /* Resources */,
				C24FD0662A05F6080063D18B /* Info.plist */,
			);
			path = SongPlayer;
			sourceTree = "<group>";
		};
		C24FD0302A05F0CC0063D18B /* Base */ = {
			isa = PBXGroup;
			children = (
				C24FD0352A05F0CC0063D18B /* BaseCoordinator.swift */,
				C24FD0322A05F0CC0063D18B /* BaseStore.swift */,
				C24FD0332A05F0CC0063D18B /* BaseViewModel.swift */,
				C24FD0312A05F0CC0063D18B /* BaseViewController.swift */,
				C2B8CDD82A068237008D0DE4 /* BaseDownloadManager.swift */,
				C24FD0342A05F0CC0063D18B /* BaseUICollectionViewCell.swift */,
			);
			path = Base;
			sourceTree = "<group>";
		};
		C24FD0362A05F0CC0063D18B /* Main */ = {
			isa = PBXGroup;
			children = (
				C24FD0382A05F0CC0063D18B /* Main.storyboard */,
				C24FD0392A05F0CC0063D18B /* MainViewModel.swift */,
				C24FD0372A05F0CC0063D18B /* MainViewController.swift */,
			);
			path = Main;
			sourceTree = "<group>";
		};
		C24FD03A2A05F0CC0063D18B /* SongList */ = {
			isa = PBXGroup;
			children = (
				C24FD03C2A05F0CC0063D18B /* SongList.storyboard */,
				C24FD03E2A05F0CC0063D18B /* SongListCoordinator.swift */,
				C24FD03D2A05F0CC0063D18B /* SongListViewModel.swift */,
				C24FD03B2A05F0CC0063D18B /* SongListViewController.swift */,
			);
			path = SongList;
			sourceTree = "<group>";
		};
		C24FD04B2A05F28A0063D18B /* StatefulPlaceholderView */ = {
			isa = PBXGroup;
			children = (
				C24FD04D2A05F28A0063D18B /* StatefulPlaceholderView.xib */,
				C24FD04C2A05F28A0063D18B /* StatefulPlaceholderView.swift */,
				C24FD04E2A05F28A0063D18B /* StatefulViewModel.swift */,
			);
			path = StatefulPlaceholderView;
			sourceTree = "<group>";
		};
		C24FD0532A05F2940063D18B /* Shared */ = {
			isa = PBXGroup;
			children = (
				C24FD04B2A05F28A0063D18B /* StatefulPlaceholderView */,
				C291D4DD2A064F4100540FF9 /* CircleProgressBar */,
				C291D4CC2A06251800540FF9 /* SongView */,
				C2D3F1852A060CFE00A8E9FF /* SongCell.xib */,
				C2D3F1842A060CFE00A8E9FF /* SongCell.swift */,
				C2D3F1862A060CFE00A8E9FF /* SongCellViewModel.swift */,
			);
			path = Shared;
			sourceTree = "<group>";
		};
		C24FD0562A05F3400063D18B /* Resources */ = {
			isa = PBXGroup;
			children = (
				C24FD0542A05F33D0063D18B /* Localizable.strings */,
				C24FD0082A05EF840063D18B /* Assets.xcassets */,
			);
			path = Resources;
			sourceTree = "<group>";
		};
		C24FD0572A05F3BD0063D18B /* UI */ = {
			isa = PBXGroup;
			children = (
				C24FD00A2A05EF840063D18B /* LaunchScreen.storyboard */,
				C24FCFFF2A05EF830063D18B /* AppDelegate.swift */,
				C24FD02E2A05F0010063D18B /* AppCoordinator.swift */,
				C24FD0302A05F0CC0063D18B /* Base */,
				C24FD0362A05F0CC0063D18B /* Main */,
				C24FD03A2A05F0CC0063D18B /* SongList */,
				C24FD0532A05F2940063D18B /* Shared */,
			);
			path = UI;
			sourceTree = "<group>";
		};
		C24FD0582A05F3C30063D18B /* Modal */ = {
			isa = PBXGroup;
			children = (
				C2D3F16D2A05FB6600A8E9FF /* APIError.swift */,
				C24FD0592A05F3F30063D18B /* AppError.swift */,
				C2B8CDC42A067D9A008D0DE4 /* DownloadError.swift */,
				C2B8CDC62A067DE0008D0DE4 /* DownloadStatus.swift */,
				C2B8CDC82A067DFE008D0DE4 /* DownloadItem.swift */,
				C2B8CDCA2A067E9A008D0DE4 /* DownloadType.swift */,
				C2B8CDDA2A0682D1008D0DE4 /* DownloadOperation.swift */,
				C2D3F17C2A05FC0C00A8E9FF /* APIResponse.swift */,
				C2D3F1822A05FE7100A8E9FF /* SongPlayerAPIResponse.swift */,
				C2D3F1802A05FC8900A8E9FF /* SongPlayerAPIJSON.swift */,
				C2D3F17E2A05FC4400A8E9FF /* Song.swift */,
				C291D4D52A062A4100540FF9 /* SongPresentationModel.swift */,
				C291D4D72A062B3700540FF9 /* SongPresentationState.swift */,
				C291D4D92A062B4D00540FF9 /* SongPresentationStatus.swift */,
			);
			path = Modal;
			sourceTree = "<group>";
		};
		C24FD05B2A05F43B0063D18B /* Utilities */ = {
			isa = PBXGroup;
			children = (
				C24FD05C2A05F45A0063D18B /* AppConstant.swift */,
				C24FD05D2A05F45A0063D18B /* Array+Extension.swift */,
				C24FD05E2A05F45A0063D18B /* SongPlayerDateFormatter.swift */,
				C24FD05F2A05F45A0063D18B /* URLRequest+Extension.swift */,
				C291D4D32A06291100540FF9 /* UIView+Extension.swift */,
				C291D4DE2A0654AB00540FF9 /* UIColor+Extension.swift */,
				C24FD0642A05F5380063D18B /* String+Extension.swift */,
			);
			path = Utilities;
			sourceTree = "<group>";
		};
		C291D4CC2A06251800540FF9 /* SongView */ = {
			isa = PBXGroup;
			children = (
				C291D4CD2A06251800540FF9 /* SongView.xib */,
				C291D4CE2A06251800540FF9 /* SongView.swift */,
			);
			name = SongView;
			path = SongPlayer/UI/Shared/SongView;
			sourceTree = SOURCE_ROOT;
		};
		C291D4DD2A064F4100540FF9 /* CircleProgressBar */ = {
			isa = PBXGroup;
			children = (
				C291D4DB2A064E4E00540FF9 /* CircleProgressBar.swift */,
			);
			path = CircleProgressBar;
			sourceTree = "<group>";
		};
		C2D3F16C2A05FB6600A8E9FF /* Services */ = {
			isa = PBXGroup;
			children = (
				C2D3F1722A05FB6600A8E9FF /* ServicesContainer.swift */,
				C2D3F16F2A05FB6600A8E9FF /* APIClient.swift */,
				C2D3F16E2A05FB6600A8E9FF /* SongPlayerAPIClient.swift */,
				C2D3F1712A05FB6600A8E9FF /* HTTPClient.swift */,
				C2D3F1732A05FB6600A8E9FF /* Store */,
			);
			path = Services;
			sourceTree = "<group>";
		};
		C2D3F1732A05FB6600A8E9FF /* Store */ = {
			isa = PBXGroup;
			children = (
				C2D3F1742A05FB6600A8E9FF /* SongStore.swift */,
				C2B8CDCC2A067F14008D0DE4 /* DownloadStore.swift */,
				C2B8CDCE2A068023008D0DE4 /* DownloadManager.swift */,
				C2B8CDD22A0680B7008D0DE4 /* BasicDownloadManager.swift */,
				C2B8CDD02A06804C008D0DE4 /* ZipDownloadManager.swift */,
				C2B8CDD32A0680B7008D0DE4 /* PDFDownloadManager.swift */,
				C2B8CDD42A0680B7008D0DE4 /* VideoDownloadManager.swift */,
			);
			path = Store;
			sourceTree = "<group>";
		};
/* End PBXGroup section */

/* Begin PBXNativeTarget section */
		C24FCFFB2A05EF830063D18B /* SongPlayer */ = {
			isa = PBXNativeTarget;
			buildConfigurationList = C24FD0102A05EF840063D18B /* Build configuration list for PBXNativeTarget "SongPlayer" */;
			buildPhases = (
				C24FCFF82A05EF830063D18B /* Sources */,
				C24FCFF92A05EF830063D18B /* Frameworks */,
				C24FCFFA2A05EF830063D18B /* Resources */,
			);
			buildRules = (
			);
			dependencies = (
			);
			name = SongPlayer;
			productName = SongPlayer;
			productReference = C24FCFFC2A05EF830063D18B /* SongPlayer.app */;
			productType = "com.apple.product-type.application";
		};
/* End PBXNativeTarget section */

/* Begin PBXProject section */
		C24FCFF42A05EF830063D18B /* Project object */ = {
			isa = PBXProject;
			attributes = {
				BuildIndependentTargetsInParallel = 1;
				LastSwiftUpdateCheck = 1400;
				LastUpgradeCheck = 1400;
				TargetAttributes = {
					C24FCFFB2A05EF830063D18B = {
						CreatedOnToolsVersion = 14.0.1;
					};
				};
			};
			buildConfigurationList = C24FCFF72A05EF830063D18B /* Build configuration list for PBXProject "SongPlayer" */;
			compatibilityVersion = "Xcode 14.0";
			developmentRegion = en;
			hasScannedForEncodings = 0;
			knownRegions = (
				en,
				Base,
			);
			mainGroup = C24FCFF32A05EF830063D18B;
			productRefGroup = C24FCFFD2A05EF830063D18B /* Products */;
			projectDirPath = "";
			projectRoot = "";
			targets = (
				C24FCFFB2A05EF830063D18B /* SongPlayer */,
			);
		};
/* End PBXProject section */

/* Begin PBXResourcesBuildPhase section */
		C24FCFFA2A05EF830063D18B /* Resources */ = {
			isa = PBXResourcesBuildPhase;
			buildActionMask = 2147483647;
			files = (
				C2D3F1882A060CFE00A8E9FF /* SongCell.xib in Resources */,
				C24FD00C2A05EF840063D18B /* LaunchScreen.storyboard in Resources */,
				C24FD0552A05F33D0063D18B /* Localizable.strings in Resources */,
				C24FD0092A05EF840063D18B /* Assets.xcassets in Resources */,
				C24FD0482A05F0CC0063D18B /* SongList.storyboard in Resources */,
				C24FD0452A05F0CC0063D18B /* Main.storyboard in Resources */,
				C24FD0502A05F28A0063D18B /* StatefulPlaceholderView.xib in Resources */,
				C291D4CF2A06251800540FF9 /* SongView.xib in Resources */,
			);
			runOnlyForDeploymentPostprocessing = 0;
		};
/* End PBXResourcesBuildPhase section */

/* Begin PBXSourcesBuildPhase section */
		C24FCFF82A05EF830063D18B /* Sources */ = {
			isa = PBXSourcesBuildPhase;
			buildActionMask = 2147483647;
			files = (
				C2D3F17F2A05FC4400A8E9FF /* Song.swift in Sources */,
				C291D4D42A06291100540FF9 /* UIView+Extension.swift in Sources */,
				C291D4DA2A062B4D00540FF9 /* SongPresentationStatus.swift in Sources */,
				C24FD02F2A05F0010063D18B /* AppCoordinator.swift in Sources */,
				C291D4D82A062B3700540FF9 /* SongPresentationState.swift in Sources */,
				C2D3F1792A05FB6600A8E9FF /* HTTPClient.swift in Sources */,
				C291D4D02A06251800540FF9 /* SongView.swift in Sources */,
				C24FD0412A05F0CC0063D18B /* BaseViewModel.swift in Sources */,
				C24FD0622A05F45A0063D18B /* SongPlayerDateFormatter.swift in Sources */,
				C2B8CDCD2A067F14008D0DE4 /* DownloadStore.swift in Sources */,
				C2D3F17B2A05FB6600A8E9FF /* SongStore.swift in Sources */,
				C2B8CDC72A067DE0008D0DE4 /* DownloadStatus.swift in Sources */,
				C24FD05A2A05F3F30063D18B /* AppError.swift in Sources */,
				C24FD0492A05F0CC0063D18B /* SongListViewModel.swift in Sources */,
				C24FD04A2A05F0CC0063D18B /* SongListCoordinator.swift in Sources */,
				C24FD0002A05EF830063D18B /* AppDelegate.swift in Sources */,
				C2B8CDC52A067D9A008D0DE4 /* DownloadError.swift in Sources */,
				C2D3F1832A05FE7100A8E9FF /* SongPlayerAPIResponse.swift in Sources */,
				C24FD0422A05F0CC0063D18B /* BaseUICollectionViewCell.swift in Sources */,
				C291D4DC2A064E4E00540FF9 /* CircleProgressBar.swift in Sources */,
				C24FD0652A05F5380063D18B /* String+Extension.swift in Sources */,
				C2B8CDD72A0680B7008D0DE4 /* VideoDownloadManager.swift in Sources */,
				C291D4D62A062A4100540FF9 /* SongPresentationModel.swift in Sources */,
				C24FD0602A05F45A0063D18B /* AppConstant.swift in Sources */,
				C24FD04F2A05F28A0063D18B /* StatefulPlaceholderView.swift in Sources */,
				C2D3F1762A05FB6600A8E9FF /* SongPlayerAPIClient.swift in Sources */,
				C2B8CDCF2A068023008D0DE4 /* DownloadManager.swift in Sources */,
				C2B8CDD52A0680B7008D0DE4 /* BasicDownloadManager.swift in Sources */,
				C2B8CDDB2A0682D1008D0DE4 /* DownloadOperation.swift in Sources */,
				C2D3F17A2A05FB6600A8E9FF /* ServicesContainer.swift in Sources */,
				C24FD0612A05F45A0063D18B /* Array+Extension.swift in Sources */,
				C2D3F1892A060CFE00A8E9FF /* SongCellViewModel.swift in Sources */,
				C2B8CDD12A06804C008D0DE4 /* ZipDownloadManager.swift in Sources */,
				C2B8CDD92A068237008D0DE4 /* BaseDownloadManager.swift in Sources */,
				C24FD0432A05F0CC0063D18B /* BaseCoordinator.swift in Sources */,
				C24FD0632A05F45A0063D18B /* URLRequest+Extension.swift in Sources */,
				C2D3F1872A060CFE00A8E9FF /* SongCell.swift in Sources */,
				C2D3F1752A05FB6600A8E9FF /* APIError.swift in Sources */,
				C24FD0512A05F28A0063D18B /* StatefulViewModel.swift in Sources */,
				C24FD0402A05F0CC0063D18B /* BaseStore.swift in Sources */,
				C24FD03F2A05F0CC0063D18B /* BaseViewController.swift in Sources */,
				C2D3F17D2A05FC0C00A8E9FF /* APIResponse.swift in Sources */,
				C24FD0442A05F0CC0063D18B /* MainViewController.swift in Sources */,
				C24FD0462A05F0CC0063D18B /* MainViewModel.swift in Sources */,
				C2B8CDCB2A067E9A008D0DE4 /* DownloadType.swift in Sources */,
				C2B8CDC92A067DFE008D0DE4 /* DownloadItem.swift in Sources */,
				C2D3F1772A05FB6600A8E9FF /* APIClient.swift in Sources */,
				C24FD0472A05F0CC0063D18B /* SongListViewController.swift in Sources */,
				C2B8CDD62A0680B7008D0DE4 /* PDFDownloadManager.swift in Sources */,
				C291D4DF2A0654AB00540FF9 /* UIColor+Extension.swift in Sources */,
				C2D3F1812A05FC8900A8E9FF /* SongPlayerAPIJSON.swift in Sources */,
			);
			runOnlyForDeploymentPostprocessing = 0;
		};
/* End PBXSourcesBuildPhase section */

/* Begin PBXVariantGroup section */
		C24FD00A2A05EF840063D18B /* LaunchScreen.storyboard */ = {
			isa = PBXVariantGroup;
			children = (
				C24FD00B2A05EF840063D18B /* Base */,
			);
			name = LaunchScreen.storyboard;
			sourceTree = "<group>";
		};
/* End PBXVariantGroup section */

/* Begin XCBuildConfiguration section */
		C24FD00E2A05EF840063D18B /* Debug */ = {
			isa = XCBuildConfiguration;
			buildSettings = {
				ALWAYS_SEARCH_USER_PATHS = NO;
				CLANG_ANALYZER_NONNULL = YES;
				CLANG_ANALYZER_NUMBER_OBJECT_CONVERSION = YES_AGGRESSIVE;
				CLANG_CXX_LANGUAGE_STANDARD = "gnu++20";
				CLANG_ENABLE_MODULES = YES;
				CLANG_ENABLE_OBJC_ARC = YES;
				CLANG_ENABLE_OBJC_WEAK = YES;
				CLANG_WARN_BLOCK_CAPTURE_AUTORELEASING = YES;
				CLANG_WARN_BOOL_CONVERSION = YES;
				CLANG_WARN_COMMA = YES;
				CLANG_WARN_CONSTANT_CONVERSION = YES;
				CLANG_WARN_DEPRECATED_OBJC_IMPLEMENTATIONS = YES;
				CLANG_WARN_DIRECT_OBJC_ISA_USAGE = YES_ERROR;
				CLANG_WARN_DOCUMENTATION_COMMENTS = YES;
				CLANG_WARN_EMPTY_BODY = YES;
				CLANG_WARN_ENUM_CONVERSION = YES;
				CLANG_WARN_INFINITE_RECURSION = YES;
				CLANG_WARN_INT_CONVERSION = YES;
				CLANG_WARN_NON_LITERAL_NULL_CONVERSION = YES;
				CLANG_WARN_OBJC_IMPLICIT_RETAIN_SELF = YES;
				CLANG_WARN_OBJC_LITERAL_CONVERSION = YES;
				CLANG_WARN_OBJC_ROOT_CLASS = YES_ERROR;
				CLANG_WARN_QUOTED_INCLUDE_IN_FRAMEWORK_HEADER = YES;
				CLANG_WARN_RANGE_LOOP_ANALYSIS = YES;
				CLANG_WARN_STRICT_PROTOTYPES = YES;
				CLANG_WARN_SUSPICIOUS_MOVE = YES;
				CLANG_WARN_UNGUARDED_AVAILABILITY = YES_AGGRESSIVE;
				CLANG_WARN_UNREACHABLE_CODE = YES;
				CLANG_WARN__DUPLICATE_METHOD_MATCH = YES;
				COPY_PHASE_STRIP = NO;
				DEBUG_INFORMATION_FORMAT = dwarf;
				ENABLE_STRICT_OBJC_MSGSEND = YES;
				ENABLE_TESTABILITY = YES;
				GCC_C_LANGUAGE_STANDARD = gnu11;
				GCC_DYNAMIC_NO_PIC = NO;
				GCC_NO_COMMON_BLOCKS = YES;
				GCC_OPTIMIZATION_LEVEL = 0;
				GCC_PREPROCESSOR_DEFINITIONS = (
					"DEBUG=1",
					"$(inherited)",
				);
				GCC_WARN_64_TO_32_BIT_CONVERSION = YES;
				GCC_WARN_ABOUT_RETURN_TYPE = YES_ERROR;
				GCC_WARN_UNDECLARED_SELECTOR = YES;
				GCC_WARN_UNINITIALIZED_AUTOS = YES_AGGRESSIVE;
				GCC_WARN_UNUSED_FUNCTION = YES;
				GCC_WARN_UNUSED_VARIABLE = YES;
				IPHONEOS_DEPLOYMENT_TARGET = 13.0;
				MTL_ENABLE_DEBUG_INFO = INCLUDE_SOURCE;
				MTL_FAST_MATH = YES;
				ONLY_ACTIVE_ARCH = YES;
				SDKROOT = iphoneos;
				SWIFT_ACTIVE_COMPILATION_CONDITIONS = DEBUG;
				SWIFT_OPTIMIZATION_LEVEL = "-Onone";
			};
			name = Debug;
		};
		C24FD00F2A05EF840063D18B /* Release */ = {
			isa = XCBuildConfiguration;
			buildSettings = {
				ALWAYS_SEARCH_USER_PATHS = NO;
				CLANG_ANALYZER_NONNULL = YES;
				CLANG_ANALYZER_NUMBER_OBJECT_CONVERSION = YES_AGGRESSIVE;
				CLANG_CXX_LANGUAGE_STANDARD = "gnu++20";
				CLANG_ENABLE_MODULES = YES;
				CLANG_ENABLE_OBJC_ARC = YES;
				CLANG_ENABLE_OBJC_WEAK = YES;
				CLANG_WARN_BLOCK_CAPTURE_AUTORELEASING = YES;
				CLANG_WARN_BOOL_CONVERSION = YES;
				CLANG_WARN_COMMA = YES;
				CLANG_WARN_CONSTANT_CONVERSION = YES;
				CLANG_WARN_DEPRECATED_OBJC_IMPLEMENTATIONS = YES;
				CLANG_WARN_DIRECT_OBJC_ISA_USAGE = YES_ERROR;
				CLANG_WARN_DOCUMENTATION_COMMENTS = YES;
				CLANG_WARN_EMPTY_BODY = YES;
				CLANG_WARN_ENUM_CONVERSION = YES;
				CLANG_WARN_INFINITE_RECURSION = YES;
				CLANG_WARN_INT_CONVERSION = YES;
				CLANG_WARN_NON_LITERAL_NULL_CONVERSION = YES;
				CLANG_WARN_OBJC_IMPLICIT_RETAIN_SELF = YES;
				CLANG_WARN_OBJC_LITERAL_CONVERSION = YES;
				CLANG_WARN_OBJC_ROOT_CLASS = YES_ERROR;
				CLANG_WARN_QUOTED_INCLUDE_IN_FRAMEWORK_HEADER = YES;
				CLANG_WARN_RANGE_LOOP_ANALYSIS = YES;
				CLANG_WARN_STRICT_PROTOTYPES = YES;
				CLANG_WARN_SUSPICIOUS_MOVE = YES;
				CLANG_WARN_UNGUARDED_AVAILABILITY = YES_AGGRESSIVE;
				CLANG_WARN_UNREACHABLE_CODE = YES;
				CLANG_WARN__DUPLICATE_METHOD_MATCH = YES;
				COPY_PHASE_STRIP = NO;
				DEBUG_INFORMATION_FORMAT = "dwarf-with-dsym";
				ENABLE_NS_ASSERTIONS = NO;
				ENABLE_STRICT_OBJC_MSGSEND = YES;
				GCC_C_LANGUAGE_STANDARD = gnu11;
				GCC_NO_COMMON_BLOCKS = YES;
				GCC_WARN_64_TO_32_BIT_CONVERSION = YES;
				GCC_WARN_ABOUT_RETURN_TYPE = YES_ERROR;
				GCC_WARN_UNDECLARED_SELECTOR = YES;
				GCC_WARN_UNINITIALIZED_AUTOS = YES_AGGRESSIVE;
				GCC_WARN_UNUSED_FUNCTION = YES;
				GCC_WARN_UNUSED_VARIABLE = YES;
				IPHONEOS_DEPLOYMENT_TARGET = 13.0;
				MTL_ENABLE_DEBUG_INFO = NO;
				MTL_FAST_MATH = YES;
				SDKROOT = iphoneos;
				SWIFT_COMPILATION_MODE = wholemodule;
				SWIFT_OPTIMIZATION_LEVEL = "-O";
				VALIDATE_PRODUCT = YES;
			};
			name = Release;
		};
		C24FD0112A05EF840063D18B /* Debug */ = {
			isa = XCBuildConfiguration;
			buildSettings = {
				ASSETCATALOG_COMPILER_APPICON_NAME = AppIcon;
				ASSETCATALOG_COMPILER_GLOBAL_ACCENT_COLOR_NAME = AccentColor;
				CODE_SIGN_STYLE = Automatic;
				CURRENT_PROJECT_VERSION = 1;
				DEVELOPMENT_TEAM = 7YFC525745;
				GENERATE_INFOPLIST_FILE = YES;
				INFOPLIST_FILE = SongPlayer/Info.plist;
				INFOPLIST_KEY_CFBundleDisplayName = "BandLab Player";
				INFOPLIST_KEY_UIApplicationSupportsIndirectInputEvents = YES;
				INFOPLIST_KEY_UILaunchStoryboardName = LaunchScreen;
				INFOPLIST_KEY_UIMainStoryboardFile = Main;
				INFOPLIST_KEY_UISupportedInterfaceOrientations = UIInterfaceOrientationPortrait;
				INFOPLIST_KEY_UISupportedInterfaceOrientations_iPad = "UIInterfaceOrientationLandscapeLeft UIInterfaceOrientationLandscapeRight UIInterfaceOrientationPortrait UIInterfaceOrientationPortraitUpsideDown";
				IPHONEOS_DEPLOYMENT_TARGET = 13.0;
				LD_RUNPATH_SEARCH_PATHS = (
					"$(inherited)",
					"@executable_path/Frameworks",
				);
				MARKETING_VERSION = 1.0;
				PRODUCT_BUNDLE_IDENTIFIER = com.shawn.bandlab.SongPlayer;
				PRODUCT_NAME = "$(TARGET_NAME)";
				SWIFT_EMIT_LOC_STRINGS = YES;
				SWIFT_VERSION = 5.0;
				TARGETED_DEVICE_FAMILY = "1,2";
			};
			name = Debug;
		};
		C24FD0122A05EF840063D18B /* Release */ = {
			isa = XCBuildConfiguration;
			buildSettings = {
				ASSETCATALOG_COMPILER_APPICON_NAME = AppIcon;
				ASSETCATALOG_COMPILER_GLOBAL_ACCENT_COLOR_NAME = AccentColor;
				CODE_SIGN_STYLE = Automatic;
				CURRENT_PROJECT_VERSION = 1;
				DEVELOPMENT_TEAM = 7YFC525745;
				GENERATE_INFOPLIST_FILE = YES;
				INFOPLIST_FILE = SongPlayer/Info.plist;
				INFOPLIST_KEY_CFBundleDisplayName = "BandLab Player";
				INFOPLIST_KEY_UIApplicationSupportsIndirectInputEvents = YES;
				INFOPLIST_KEY_UILaunchStoryboardName = LaunchScreen;
				INFOPLIST_KEY_UIMainStoryboardFile = Main;
				INFOPLIST_KEY_UISupportedInterfaceOrientations = UIInterfaceOrientationPortrait;
				INFOPLIST_KEY_UISupportedInterfaceOrientations_iPad = "UIInterfaceOrientationLandscapeLeft UIInterfaceOrientationLandscapeRight UIInterfaceOrientationPortrait UIInterfaceOrientationPortraitUpsideDown";
				IPHONEOS_DEPLOYMENT_TARGET = 13.0;
				LD_RUNPATH_SEARCH_PATHS = (
					"$(inherited)",
					"@executable_path/Frameworks",
				);
				MARKETING_VERSION = 1.0;
				PRODUCT_BUNDLE_IDENTIFIER = com.shawn.bandlab.SongPlayer;
				PRODUCT_NAME = "$(TARGET_NAME)";
				SWIFT_EMIT_LOC_STRINGS = YES;
				SWIFT_VERSION = 5.0;
				TARGETED_DEVICE_FAMILY = "1,2";
			};
			name = Release;
		};
/* End XCBuildConfiguration section */

/* Begin XCConfigurationList section */
		C24FCFF72A05EF830063D18B /* Build configuration list for PBXProject "SongPlayer" */ = {
			isa = XCConfigurationList;
			buildConfigurations = (
				C24FD00E2A05EF840063D18B /* Debug */,
				C24FD00F2A05EF840063D18B /* Release */,
			);
			defaultConfigurationIsVisible = 0;
			defaultConfigurationName = Release;
		};
		C24FD0102A05EF840063D18B /* Build configuration list for PBXNativeTarget "SongPlayer" */ = {
			isa = XCConfigurationList;
			buildConfigurations = (
				C24FD0112A05EF840063D18B /* Debug */,
				C24FD0122A05EF840063D18B /* Release */,
			);
			defaultConfigurationIsVisible = 0;
			defaultConfigurationName = Release;
		};
/* End XCConfigurationList section */
	};
	rootObject = C24FCFF42A05EF830063D18B /* Project object */;
}
